
Microsoft Visual Studio Solution File, Format Version 12.00
# Visual Studio 2012
Project("{FAE04EC0-301F-11D3-BF4B-00C04F79EFBC}") = "Demo", "Demo\Demo.csproj", "{C22F3D84-94AD-4428-A5FE-BB204F3A821D}"
EndProject
Project("{FAE04EC0-301F-11D3-BF4B-00C04F79EFBC}") = "Jitter", "Jitter\Jitter.csproj", "{AA03EF1A-94F7-4D30-AB14-2092863FF923}"
EndProject
Project("{FAE04EC0-301F-11D3-BF4B-00C04F79EFBC}") = "GameEngine", "GameEngine\GameEngine.csproj", "{B2B571BE-47DC-41C8-8F9E-38F34C574249}"
EndProject
Global
	GlobalSection(SolutionConfigurationPlatforms) = preSolution
		Debug|Any CPU = Debug|Any CPU
		Release|Any CPU = Release|Any CPU
	EndGlobalSection
	GlobalSection(ProjectConfigurationPlatforms) = postSolution
		{C22F3D84-94AD-4428-A5FE-BB204F3A821D}.Debug|Any CPU.ActiveCfg = Debug|Any CPU
		{C22F3D84-94AD-4428-A5FE-BB204F3A821D}.Debug|Any CPU.Build.0 = Debug|Any CPU
		{C22F3D84-94AD-4428-A5FE-BB204F3A821D}.Release|Any CPU.ActiveCfg = Release|Any CPU
		{C22F3D84-94AD-4428-A5FE-BB204F3A821D}.Release|Any CPU.Build.0 = Release|Any CPU
		{AA03EF1A-94F7-4D30-AB14-2092863FF923}.Debug|Any CPU.ActiveCfg = Debug|Any CPU
		{AA03EF1A-94F7-4D30-AB14-2092863FF923}.Debug|Any CPU.Build.0 = Debug|Any CPU
		{AA03EF1A-94F7-4D30-AB14-2092863FF923}.Release|Any CPU.ActiveCfg = Release|Any CPU
		{AA03EF1A-94F7-4D30-AB14-2092863FF923}.Release|Any CPU.Build.0 = Release|Any CPU
		{B2B571BE-47DC-41C8-8F9E-38F34C574249}.Debug|Any CPU.ActiveCfg = Debug|Any CPU
		{B2B571BE-47DC-41C8-8F9E-38F34C574249}.Debug|Any CPU.Build.0 = Debug|Any CPU
		{B2B571BE-47DC-41C8-8F9E-38F34C574249}.Release|Any CPU.ActiveCfg = Release|Any CPU
		{B2B571BE-47DC-41C8-8F9E-38F34C574249}.Release|Any CPU.Build.0 = Release|Any CPU
	EndGlobalSection
	GlobalSection(SolutionProperties) = preSolution
		HideSolutionNode = FALSE
	EndGlobalSection
EndGlobal
